
Microsoft Visual Studio Solution File, Format Version 12.00
# Visual Studio Version 17
VisualStudioVersion = 17.3.32929.385
MinimumVisualStudioVersion = 10.0.40219.1
Project("{9A19103F-16F7-4668-BE54-9A1E7A4F7556}") = "CorsoCSharp", "CorsoCSharp\CorsoCSharp.csproj", "{BE6E9339-9570-4DD2-8053-96BB8273E0A7}"
EndProject
Project("{9A19103F-16F7-4668-BE54-9A1E7A4F7556}") = "Casting", "Casting\Casting.csproj", "{F3A84D84-61F4-4789-9DDC-70672A78A983}"
EndProject
Project("{9A19103F-16F7-4668-BE54-9A1E7A4F7556}") = "LeStringhe", "LeStringhe\LeStringhe.csproj", "{C1FFF9AF-9D04-4AC6-B2CB-23A8C68D7D06}"
EndProject
Project("{9A19103F-16F7-4668-BE54-9A1E7A4F7556}") = "INumeri", "INumeri\INumeri.csproj", "{41B458DD-682A-47A6-8CB9-EAA55C452909}"
EndProject
Project("{9A19103F-16F7-4668-BE54-9A1E7A4F7556}") = "InputDegliUtenti", "InputDegliUtenti\InputDegliUtenti.csproj", "{F4887EF0-A4B6-4B9C-804A-147943968BD3}"
EndProject
Project("{9A19103F-16F7-4668-BE54-9A1E7A4F7556}") = "Eccezioni", "Eccezioni\Eccezioni.csproj", "{E810AF40-12C1-4BEC-8962-A8404A77C137}"
EndProject
Project("{9A19103F-16F7-4668-BE54-9A1E7A4F7556}") = "OperatoriLogici", "OperatoriLogici\OperatoriLogici.csproj", "{DF8A90DD-06A1-4F27-9D20-4D33C4B5B364}"
EndProject
Project("{9A19103F-16F7-4668-BE54-9A1E7A4F7556}") = "Condizioni", "Condizioni\Condizioni.csproj", "{755C8027-FD7A-4F50-B748-2FDA8793B227}"
EndProject
Project("{9A19103F-16F7-4668-BE54-9A1E7A4F7556}") = "OperatoreTernario", "OperatoreTernario\OperatoreTernario.csproj", "{29822B7E-4B85-4062-996E-9BBFB96D83CB}"
EndProject
Project("{9A19103F-16F7-4668-BE54-9A1E7A4F7556}") = "Switch", "Switch\Switch.csproj", "{C6BB0A03-D485-49A7-8DF0-A3FFAD0355F5}"
EndProject
Project("{9A19103F-16F7-4668-BE54-9A1E7A4F7556}") = "Cicli", "Cicli\Cicli.csproj", "{E65E32B2-3EC7-45CC-87C8-225A02B510B7}"
EndProject
Project("{9A19103F-16F7-4668-BE54-9A1E7A4F7556}") = "CicloFor", "CicloFor\CicloFor.csproj", "{7F0FFA0C-D519-427C-878C-97F189BF734B}"
EndProject
Project("{9A19103F-16F7-4668-BE54-9A1E7A4F7556}") = "BreakEContinue", "BreakEContinue\BreakEContinue.csproj", "{24E9ED85-A06D-4CD4-A4C0-F565617474B6}"
EndProject
Project("{9A19103F-16F7-4668-BE54-9A1E7A4F7556}") = "IMetodi", "IMetodi\IMetodi.csproj", "{93C4DD40-5E41-40A8-8220-889852CBC113}"
EndProject
Project("{9A19103F-16F7-4668-BE54-9A1E7A4F7556}") = "SovvracaricoDeiMetodi", "SovvracaricoDeiMetodi\SovvracaricoDeiMetodi.csproj", "{61650A10-76EB-4E73-B392-5794D353599D}"
EndProject
Project("{9A19103F-16F7-4668-BE54-9A1E7A4F7556}") = "GliArray", "GliArray\GliArray.csproj", "{52DD0126-EDA1-402F-90E4-C27244FD94D3}"
EndProject
Project("{9A19103F-16F7-4668-BE54-9A1E7A4F7556}") = "ArrayMultiDimensionali", "ArrayMultiDimensionali\ArrayMultiDimensionali.csproj", "{68C52D65-6405-4455-A749-7B525A1FB895}"
EndProject
Project("{9A19103F-16F7-4668-BE54-9A1E7A4F7556}") = "ArrayOMatriciIrregolari", "ArrayOMatriciIrregolari\ArrayOMatriciIrregolari.csproj", "{1B9D9024-F695-479A-B8C1-DF9C9E8B6DDF}"
EndProject
Project("{9A19103F-16F7-4668-BE54-9A1E7A4F7556}") = "GliArrayList", "ArrayList\GliArrayList.csproj", "{2C169EC9-1F9F-4E9F-BC78-12FEC38CE2F2}"
EndProject
Project("{9A19103F-16F7-4668-BE54-9A1E7A4F7556}") = "LeListe", "LeListe\LeListe.csproj", "{E28A92C8-B52B-4DB7-BFD9-286F6A77926D}"
EndProject
Project("{9A19103F-16F7-4668-BE54-9A1E7A4F7556}") = "LeHashTable", "LeHashTable\LeHashTable.csproj", "{E7BA5784-83C0-474C-B87F-416A7DA6AA32}"
EndProject
Project("{9A19103F-16F7-4668-BE54-9A1E7A4F7556}") = "IDictionary", "IDictionary\IDictionary.csproj", "{E5331526-99A7-48E6-9F4B-C4050427BD04}"
EndProject
Project("{9A19103F-16F7-4668-BE54-9A1E7A4F7556}") = "LoStack", "LoStack\LoStack.csproj", "{B0BAE6F7-D94A-45A3-80C6-DA833EA18A19}"
EndProject
Project("{9A19103F-16F7-4668-BE54-9A1E7A4F7556}") = "LeQueue", "LeQueue\LeQueue.csproj", "{74DCFD98-3574-4757-BB3B-225FC2779C85}"
EndProject
Project("{9A19103F-16F7-4668-BE54-9A1E7A4F7556}") = "ProgrammazioneAdOggetti", "ProgrammazioneAdOggetti\ProgrammazioneAdOggetti.csproj", "{4A11D264-1CD5-4DA6-AB55-BB0580C6DB24}"
EndProject
Project("{2150E333-8FDC-42A3-9474-1A3956D46DE8}") = "ProgrammazioneOggetti", "ProgrammazioneOggetti", "{C86B517D-DF08-4AFA-8B26-4531AF28E79A}"
EndProject
Project("{9A19103F-16F7-4668-BE54-9A1E7A4F7556}") = "IlCostruttore", "IlCostruttore\IlCostruttore.csproj", "{356FCEFC-9BD5-458B-9E36-C505913E94EE}"
EndProject
Project("{9A19103F-16F7-4668-BE54-9A1E7A4F7556}") = "IGetterESetters", "IGetterESetters\IGetterESetters.csproj", "{2590539E-BDC6-44D3-AF85-505C82187F5C}"
EndProject
Project("{9A19103F-16F7-4668-BE54-9A1E7A4F7556}") = "L'IdentificatoreStatic", "L'IdentificatoreStatic\L'IdentificatoreStatic.csproj", "{721EB1FF-EF3F-46C4-BA68-2395E4F1AF09}"
EndProject
Project("{9A19103F-16F7-4668-BE54-9A1E7A4F7556}") = "L'Ereditarietà", "L'Ereditarietà\L'Ereditarietà.csproj", "{D915052F-EA8A-4CF5-9A3A-C9BE67F6EB1D}"
EndProject
Project("{9A19103F-16F7-4668-BE54-9A1E7A4F7556}") = "ParoleChiaviEreditarietà", "ParoleChiaviEreditarietà\ParoleChiaviEreditarietà.csproj", "{B05A66F5-3B0E-4FC3-929E-3C22D58546A0}"
EndProject
Project("{9A19103F-16F7-4668-BE54-9A1E7A4F7556}") = "LeInterfacce", "LeInterfacce\LeInterfacce.csproj", "{80067D42-BC9D-409C-BACF-CE1CD7795BDC}"
EndProject
Project("{9A19103F-16F7-4668-BE54-9A1E7A4F7556}") = "IlPolimorfismo", "IlPolimorfismo\IlPolimorfismo.csproj", "{5AA534BA-0C3F-47E5-B22E-3DF5A9239209}"
EndProject
Project("{9A19103F-16F7-4668-BE54-9A1E7A4F7556}") = "ClassiAstratteVsInterfacce", "ClassiAstratteVsInterfacce\ClassiAstratteVsInterfacce.csproj", "{CB62E018-9DB3-4BBD-9BF8-67A8167BD2DD}"
EndProject
Project("{9A19103F-16F7-4668-BE54-9A1E7A4F7556}") = "ModificatoreDiAccesso", "ModificatoreDiAccesso\ModificatoreDiAccesso.csproj", "{77E3B6B5-5828-4E0A-9C62-B21C53370C30}"
EndProject
Project("{9A19103F-16F7-4668-BE54-9A1E7A4F7556}") = "GliEnumeratori", "GliEnumeratori\GliEnumeratori.csproj", "{37663430-07B5-45C2-BB7A-70B80EB798CF}"
EndProject
Project("{FAE04EC0-301F-11D3-BF4B-00C04F79EFBC}") = "IDataTime", "IDataTime\IDataTime.csproj", "{337F3545-6442-42E8-9F1E-5E8349DAA470}"
EndProject
Project("{FAE04EC0-301F-11D3-BF4B-00C04F79EFBC}") = "IValoriNulli", "IValoriNulli\IValoriNulli.csproj", "{4FDA630F-CC2B-416D-B763-B704F866438C}"
EndProject
Global
	GlobalSection(SolutionConfigurationPlatforms) = preSolution
		Debug|Any CPU = Debug|Any CPU
		Release|Any CPU = Release|Any CPU
	EndGlobalSection
	GlobalSection(ProjectConfigurationPlatforms) = postSolution
		{BE6E9339-9570-4DD2-8053-96BB8273E0A7}.Debug|Any CPU.ActiveCfg = Debug|Any CPU
		{BE6E9339-9570-4DD2-8053-96BB8273E0A7}.Debug|Any CPU.Build.0 = Debug|Any CPU
		{BE6E9339-9570-4DD2-8053-96BB8273E0A7}.Release|Any CPU.ActiveCfg = Release|Any CPU
		{BE6E9339-9570-4DD2-8053-96BB8273E0A7}.Release|Any CPU.Build.0 = Release|Any CPU
		{F3A84D84-61F4-4789-9DDC-70672A78A983}.Debug|Any CPU.ActiveCfg = Debug|Any CPU
		{F3A84D84-61F4-4789-9DDC-70672A78A983}.Debug|Any CPU.Build.0 = Debug|Any CPU
		{F3A84D84-61F4-4789-9DDC-70672A78A983}.Release|Any CPU.ActiveCfg = Release|Any CPU
		{F3A84D84-61F4-4789-9DDC-70672A78A983}.Release|Any CPU.Build.0 = Release|Any CPU
		{C1FFF9AF-9D04-4AC6-B2CB-23A8C68D7D06}.Debug|Any CPU.ActiveCfg = Debug|Any CPU
		{C1FFF9AF-9D04-4AC6-B2CB-23A8C68D7D06}.Debug|Any CPU.Build.0 = Debug|Any CPU
		{C1FFF9AF-9D04-4AC6-B2CB-23A8C68D7D06}.Release|Any CPU.ActiveCfg = Release|Any CPU
		{C1FFF9AF-9D04-4AC6-B2CB-23A8C68D7D06}.Release|Any CPU.Build.0 = Release|Any CPU
		{41B458DD-682A-47A6-8CB9-EAA55C452909}.Debug|Any CPU.ActiveCfg = Debug|Any CPU
		{41B458DD-682A-47A6-8CB9-EAA55C452909}.Debug|Any CPU.Build.0 = Debug|Any CPU
		{41B458DD-682A-47A6-8CB9-EAA55C452909}.Release|Any CPU.ActiveCfg = Release|Any CPU
		{41B458DD-682A-47A6-8CB9-EAA55C452909}.Release|Any CPU.Build.0 = Release|Any CPU
		{F4887EF0-A4B6-4B9C-804A-147943968BD3}.Debug|Any CPU.ActiveCfg = Debug|Any CPU
		{F4887EF0-A4B6-4B9C-804A-147943968BD3}.Debug|Any CPU.Build.0 = Debug|Any CPU
		{F4887EF0-A4B6-4B9C-804A-147943968BD3}.Release|Any CPU.ActiveCfg = Release|Any CPU
		{F4887EF0-A4B6-4B9C-804A-147943968BD3}.Release|Any CPU.Build.0 = Release|Any CPU
		{E810AF40-12C1-4BEC-8962-A8404A77C137}.Debug|Any CPU.ActiveCfg = Debug|Any CPU
		{E810AF40-12C1-4BEC-8962-A8404A77C137}.Debug|Any CPU.Build.0 = Debug|Any CPU
		{E810AF40-12C1-4BEC-8962-A8404A77C137}.Release|Any CPU.ActiveCfg = Release|Any CPU
		{E810AF40-12C1-4BEC-8962-A8404A77C137}.Release|Any CPU.Build.0 = Release|Any CPU
		{DF8A90DD-06A1-4F27-9D20-4D33C4B5B364}.Debug|Any CPU.ActiveCfg = Debug|Any CPU
		{DF8A90DD-06A1-4F27-9D20-4D33C4B5B364}.Debug|Any CPU.Build.0 = Debug|Any CPU
		{DF8A90DD-06A1-4F27-9D20-4D33C4B5B364}.Release|Any CPU.ActiveCfg = Release|Any CPU
		{DF8A90DD-06A1-4F27-9D20-4D33C4B5B364}.Release|Any CPU.Build.0 = Release|Any CPU
		{755C8027-FD7A-4F50-B748-2FDA8793B227}.Debug|Any CPU.ActiveCfg = Debug|Any CPU
		{755C8027-FD7A-4F50-B748-2FDA8793B227}.Debug|Any CPU.Build.0 = Debug|Any CPU
		{755C8027-FD7A-4F50-B748-2FDA8793B227}.Release|Any CPU.ActiveCfg = Release|Any CPU
		{755C8027-FD7A-4F50-B748-2FDA8793B227}.Release|Any CPU.Build.0 = Release|Any CPU
		{29822B7E-4B85-4062-996E-9BBFB96D83CB}.Debug|Any CPU.ActiveCfg = Debug|Any CPU
		{29822B7E-4B85-4062-996E-9BBFB96D83CB}.Debug|Any CPU.Build.0 = Debug|Any CPU
		{29822B7E-4B85-4062-996E-9BBFB96D83CB}.Release|Any CPU.ActiveCfg = Release|Any CPU
		{29822B7E-4B85-4062-996E-9BBFB96D83CB}.Release|Any CPU.Build.0 = Release|Any CPU
		{C6BB0A03-D485-49A7-8DF0-A3FFAD0355F5}.Debug|Any CPU.ActiveCfg = Debug|Any CPU
		{C6BB0A03-D485-49A7-8DF0-A3FFAD0355F5}.Debug|Any CPU.Build.0 = Debug|Any CPU
		{C6BB0A03-D485-49A7-8DF0-A3FFAD0355F5}.Release|Any CPU.ActiveCfg = Release|Any CPU
		{C6BB0A03-D485-49A7-8DF0-A3FFAD0355F5}.Release|Any CPU.Build.0 = Release|Any CPU
		{E65E32B2-3EC7-45CC-87C8-225A02B510B7}.Debug|Any CPU.ActiveCfg = Debug|Any CPU
		{E65E32B2-3EC7-45CC-87C8-225A02B510B7}.Debug|Any CPU.Build.0 = Debug|Any CPU
		{E65E32B2-3EC7-45CC-87C8-225A02B510B7}.Release|Any CPU.ActiveCfg = Release|Any CPU
		{E65E32B2-3EC7-45CC-87C8-225A02B510B7}.Release|Any CPU.Build.0 = Release|Any CPU
		{7F0FFA0C-D519-427C-878C-97F189BF734B}.Debug|Any CPU.ActiveCfg = Debug|Any CPU
		{7F0FFA0C-D519-427C-878C-97F189BF734B}.Debug|Any CPU.Build.0 = Debug|Any CPU
		{7F0FFA0C-D519-427C-878C-97F189BF734B}.Release|Any CPU.ActiveCfg = Release|Any CPU
		{7F0FFA0C-D519-427C-878C-97F189BF734B}.Release|Any CPU.Build.0 = Release|Any CPU
		{24E9ED85-A06D-4CD4-A4C0-F565617474B6}.Debug|Any CPU.ActiveCfg = Debug|Any CPU
		{24E9ED85-A06D-4CD4-A4C0-F565617474B6}.Debug|Any CPU.Build.0 = Debug|Any CPU
		{24E9ED85-A06D-4CD4-A4C0-F565617474B6}.Release|Any CPU.ActiveCfg = Release|Any CPU
		{24E9ED85-A06D-4CD4-A4C0-F565617474B6}.Release|Any CPU.Build.0 = Release|Any CPU
		{93C4DD40-5E41-40A8-8220-889852CBC113}.Debug|Any CPU.ActiveCfg = Debug|Any CPU
		{93C4DD40-5E41-40A8-8220-889852CBC113}.Debug|Any CPU.Build.0 = Debug|Any CPU
		{93C4DD40-5E41-40A8-8220-889852CBC113}.Release|Any CPU.ActiveCfg = Release|Any CPU
		{93C4DD40-5E41-40A8-8220-889852CBC113}.Release|Any CPU.Build.0 = Release|Any CPU
		{61650A10-76EB-4E73-B392-5794D353599D}.Debug|Any CPU.ActiveCfg = Debug|Any CPU
		{61650A10-76EB-4E73-B392-5794D353599D}.Debug|Any CPU.Build.0 = Debug|Any CPU
		{61650A10-76EB-4E73-B392-5794D353599D}.Release|Any CPU.ActiveCfg = Release|Any CPU
		{61650A10-76EB-4E73-B392-5794D353599D}.Release|Any CPU.Build.0 = Release|Any CPU
		{52DD0126-EDA1-402F-90E4-C27244FD94D3}.Debug|Any CPU.ActiveCfg = Debug|Any CPU
		{52DD0126-EDA1-402F-90E4-C27244FD94D3}.Debug|Any CPU.Build.0 = Debug|Any CPU
		{52DD0126-EDA1-402F-90E4-C27244FD94D3}.Release|Any CPU.ActiveCfg = Release|Any CPU
		{52DD0126-EDA1-402F-90E4-C27244FD94D3}.Release|Any CPU.Build.0 = Release|Any CPU
		{68C52D65-6405-4455-A749-7B525A1FB895}.Debug|Any CPU.ActiveCfg = Debug|Any CPU
		{68C52D65-6405-4455-A749-7B525A1FB895}.Debug|Any CPU.Build.0 = Debug|Any CPU
		{68C52D65-6405-4455-A749-7B525A1FB895}.Release|Any CPU.ActiveCfg = Release|Any CPU
		{68C52D65-6405-4455-A749-7B525A1FB895}.Release|Any CPU.Build.0 = Release|Any CPU
		{1B9D9024-F695-479A-B8C1-DF9C9E8B6DDF}.Debug|Any CPU.ActiveCfg = Debug|Any CPU
		{1B9D9024-F695-479A-B8C1-DF9C9E8B6DDF}.Debug|Any CPU.Build.0 = Debug|Any CPU
		{1B9D9024-F695-479A-B8C1-DF9C9E8B6DDF}.Release|Any CPU.ActiveCfg = Release|Any CPU
		{1B9D9024-F695-479A-B8C1-DF9C9E8B6DDF}.Release|Any CPU.Build.0 = Release|Any CPU
		{2C169EC9-1F9F-4E9F-BC78-12FEC38CE2F2}.Debug|Any CPU.ActiveCfg = Debug|Any CPU
		{2C169EC9-1F9F-4E9F-BC78-12FEC38CE2F2}.Debug|Any CPU.Build.0 = Debug|Any CPU
		{2C169EC9-1F9F-4E9F-BC78-12FEC38CE2F2}.Release|Any CPU.ActiveCfg = Release|Any CPU
		{2C169EC9-1F9F-4E9F-BC78-12FEC38CE2F2}.Release|Any CPU.Build.0 = Release|Any CPU
		{E28A92C8-B52B-4DB7-BFD9-286F6A77926D}.Debug|Any CPU.ActiveCfg = Debug|Any CPU
		{E28A92C8-B52B-4DB7-BFD9-286F6A77926D}.Debug|Any CPU.Build.0 = Debug|Any CPU
		{E28A92C8-B52B-4DB7-BFD9-286F6A77926D}.Release|Any CPU.ActiveCfg = Release|Any CPU
		{E28A92C8-B52B-4DB7-BFD9-286F6A77926D}.Release|Any CPU.Build.0 = Release|Any CPU
		{E7BA5784-83C0-474C-B87F-416A7DA6AA32}.Debug|Any CPU.ActiveCfg = Debug|Any CPU
		{E7BA5784-83C0-474C-B87F-416A7DA6AA32}.Debug|Any CPU.Build.0 = Debug|Any CPU
		{E7BA5784-83C0-474C-B87F-416A7DA6AA32}.Release|Any CPU.ActiveCfg = Release|Any CPU
		{E7BA5784-83C0-474C-B87F-416A7DA6AA32}.Release|Any CPU.Build.0 = Release|Any CPU
		{E5331526-99A7-48E6-9F4B-C4050427BD04}.Debug|Any CPU.ActiveCfg = Debug|Any CPU
		{E5331526-99A7-48E6-9F4B-C4050427BD04}.Debug|Any CPU.Build.0 = Debug|Any CPU
		{E5331526-99A7-48E6-9F4B-C4050427BD04}.Release|Any CPU.ActiveCfg = Release|Any CPU
		{E5331526-99A7-48E6-9F4B-C4050427BD04}.Release|Any CPU.Build.0 = Release|Any CPU
		{B0BAE6F7-D94A-45A3-80C6-DA833EA18A19}.Debug|Any CPU.ActiveCfg = Debug|Any CPU
		{B0BAE6F7-D94A-45A3-80C6-DA833EA18A19}.Debug|Any CPU.Build.0 = Debug|Any CPU
		{B0BAE6F7-D94A-45A3-80C6-DA833EA18A19}.Release|Any CPU.ActiveCfg = Release|Any CPU
		{B0BAE6F7-D94A-45A3-80C6-DA833EA18A19}.Release|Any CPU.Build.0 = Release|Any CPU
		{74DCFD98-3574-4757-BB3B-225FC2779C85}.Debug|Any CPU.ActiveCfg = Debug|Any CPU
		{74DCFD98-3574-4757-BB3B-225FC2779C85}.Debug|Any CPU.Build.0 = Debug|Any CPU
		{74DCFD98-3574-4757-BB3B-225FC2779C85}.Release|Any CPU.ActiveCfg = Release|Any CPU
		{74DCFD98-3574-4757-BB3B-225FC2779C85}.Release|Any CPU.Build.0 = Release|Any CPU
		{4A11D264-1CD5-4DA6-AB55-BB0580C6DB24}.Debug|Any CPU.ActiveCfg = Debug|Any CPU
		{4A11D264-1CD5-4DA6-AB55-BB0580C6DB24}.Debug|Any CPU.Build.0 = Debug|Any CPU
		{4A11D264-1CD5-4DA6-AB55-BB0580C6DB24}.Release|Any CPU.ActiveCfg = Release|Any CPU
		{4A11D264-1CD5-4DA6-AB55-BB0580C6DB24}.Release|Any CPU.Build.0 = Release|Any CPU
		{356FCEFC-9BD5-458B-9E36-C505913E94EE}.Debug|Any CPU.ActiveCfg = Debug|Any CPU
		{356FCEFC-9BD5-458B-9E36-C505913E94EE}.Debug|Any CPU.Build.0 = Debug|Any CPU
		{356FCEFC-9BD5-458B-9E36-C505913E94EE}.Release|Any CPU.ActiveCfg = Release|Any CPU
		{356FCEFC-9BD5-458B-9E36-C505913E94EE}.Release|Any CPU.Build.0 = Release|Any CPU
		{2590539E-BDC6-44D3-AF85-505C82187F5C}.Debug|Any CPU.ActiveCfg = Debug|Any CPU
		{2590539E-BDC6-44D3-AF85-505C82187F5C}.Debug|Any CPU.Build.0 = Debug|Any CPU
		{2590539E-BDC6-44D3-AF85-505C82187F5C}.Release|Any CPU.ActiveCfg = Release|Any CPU
		{2590539E-BDC6-44D3-AF85-505C82187F5C}.Release|Any CPU.Build.0 = Release|Any CPU
		{721EB1FF-EF3F-46C4-BA68-2395E4F1AF09}.Debug|Any CPU.ActiveCfg = Debug|Any CPU
		{721EB1FF-EF3F-46C4-BA68-2395E4F1AF09}.Debug|Any CPU.Build.0 = Debug|Any CPU
		{721EB1FF-EF3F-46C4-BA68-2395E4F1AF09}.Release|Any CPU.ActiveCfg = Release|Any CPU
		{721EB1FF-EF3F-46C4-BA68-2395E4F1AF09}.Release|Any CPU.Build.0 = Release|Any CPU
		{D915052F-EA8A-4CF5-9A3A-C9BE67F6EB1D}.Debug|Any CPU.ActiveCfg = Debug|Any CPU
		{D915052F-EA8A-4CF5-9A3A-C9BE67F6EB1D}.Debug|Any CPU.Build.0 = Debug|Any CPU
		{D915052F-EA8A-4CF5-9A3A-C9BE67F6EB1D}.Release|Any CPU.ActiveCfg = Release|Any CPU
		{D915052F-EA8A-4CF5-9A3A-C9BE67F6EB1D}.Release|Any CPU.Build.0 = Release|Any CPU
		{B05A66F5-3B0E-4FC3-929E-3C22D58546A0}.Debug|Any CPU.ActiveCfg = Debug|Any CPU
		{B05A66F5-3B0E-4FC3-929E-3C22D58546A0}.Debug|Any CPU.Build.0 = Debug|Any CPU
		{B05A66F5-3B0E-4FC3-929E-3C22D58546A0}.Release|Any CPU.ActiveCfg = Release|Any CPU
		{B05A66F5-3B0E-4FC3-929E-3C22D58546A0}.Release|Any CPU.Build.0 = Release|Any CPU
		{80067D42-BC9D-409C-BACF-CE1CD7795BDC}.Debug|Any CPU.ActiveCfg = Debug|Any CPU
		{80067D42-BC9D-409C-BACF-CE1CD7795BDC}.Debug|Any CPU.Build.0 = Debug|Any CPU
		{80067D42-BC9D-409C-BACF-CE1CD7795BDC}.Release|Any CPU.ActiveCfg = Release|Any CPU
		{80067D42-BC9D-409C-BACF-CE1CD7795BDC}.Release|Any CPU.Build.0 = Release|Any CPU
		{5AA534BA-0C3F-47E5-B22E-3DF5A9239209}.Debug|Any CPU.ActiveCfg = Debug|Any CPU
		{5AA534BA-0C3F-47E5-B22E-3DF5A9239209}.Debug|Any CPU.Build.0 = Debug|Any CPU
		{5AA534BA-0C3F-47E5-B22E-3DF5A9239209}.Release|Any CPU.ActiveCfg = Release|Any CPU
		{5AA534BA-0C3F-47E5-B22E-3DF5A9239209}.Release|Any CPU.Build.0 = Release|Any CPU
		{CB62E018-9DB3-4BBD-9BF8-67A8167BD2DD}.Debug|Any CPU.ActiveCfg = Debug|Any CPU
		{CB62E018-9DB3-4BBD-9BF8-67A8167BD2DD}.Debug|Any CPU.Build.0 = Debug|Any CPU
		{CB62E018-9DB3-4BBD-9BF8-67A8167BD2DD}.Release|Any CPU.ActiveCfg = Release|Any CPU
		{CB62E018-9DB3-4BBD-9BF8-67A8167BD2DD}.Release|Any CPU.Build.0 = Release|Any CPU
		{77E3B6B5-5828-4E0A-9C62-B21C53370C30}.Debug|Any CPU.ActiveCfg = Debug|Any CPU
		{77E3B6B5-5828-4E0A-9C62-B21C53370C30}.Debug|Any CPU.Build.0 = Debug|Any CPU
		{77E3B6B5-5828-4E0A-9C62-B21C53370C30}.Release|Any CPU.ActiveCfg = Release|Any CPU
		{77E3B6B5-5828-4E0A-9C62-B21C53370C30}.Release|Any CPU.Build.0 = Release|Any CPU
		{37663430-07B5-45C2-BB7A-70B80EB798CF}.Debug|Any CPU.ActiveCfg = Debug|Any CPU
		{37663430-07B5-45C2-BB7A-70B80EB798CF}.Debug|Any CPU.Build.0 = Debug|Any CPU
		{37663430-07B5-45C2-BB7A-70B80EB798CF}.Release|Any CPU.ActiveCfg = Release|Any CPU
		{37663430-07B5-45C2-BB7A-70B80EB798CF}.Release|Any CPU.Build.0 = Release|Any CPU
		{337F3545-6442-42E8-9F1E-5E8349DAA470}.Debug|Any CPU.ActiveCfg = Debug|Any CPU
		{337F3545-6442-42E8-9F1E-5E8349DAA470}.Debug|Any CPU.Build.0 = Debug|Any CPU
		{337F3545-6442-42E8-9F1E-5E8349DAA470}.Release|Any CPU.ActiveCfg = Release|Any CPU
		{337F3545-6442-42E8-9F1E-5E8349DAA470}.Release|Any CPU.Build.0 = Release|Any CPU
		{4FDA630F-CC2B-416D-B763-B704F866438C}.Debug|Any CPU.ActiveCfg = Debug|Any CPU
		{4FDA630F-CC2B-416D-B763-B704F866438C}.Debug|Any CPU.Build.0 = Debug|Any CPU
		{4FDA630F-CC2B-416D-B763-B704F866438C}.Release|Any CPU.ActiveCfg = Release|Any CPU
		{4FDA630F-CC2B-416D-B763-B704F866438C}.Release|Any CPU.Build.0 = Release|Any CPU
	EndGlobalSection
	GlobalSection(SolutionProperties) = preSolution
		HideSolutionNode = FALSE
	EndGlobalSection
	GlobalSection(NestedProjects) = preSolution
		{4A11D264-1CD5-4DA6-AB55-BB0580C6DB24} = {C86B517D-DF08-4AFA-8B26-4531AF28E79A}
		{356FCEFC-9BD5-458B-9E36-C505913E94EE} = {C86B517D-DF08-4AFA-8B26-4531AF28E79A}
		{2590539E-BDC6-44D3-AF85-505C82187F5C} = {C86B517D-DF08-4AFA-8B26-4531AF28E79A}
		{721EB1FF-EF3F-46C4-BA68-2395E4F1AF09} = {C86B517D-DF08-4AFA-8B26-4531AF28E79A}
		{D915052F-EA8A-4CF5-9A3A-C9BE67F6EB1D} = {C86B517D-DF08-4AFA-8B26-4531AF28E79A}
		{B05A66F5-3B0E-4FC3-929E-3C22D58546A0} = {C86B517D-DF08-4AFA-8B26-4531AF28E79A}
		{80067D42-BC9D-409C-BACF-CE1CD7795BDC} = {C86B517D-DF08-4AFA-8B26-4531AF28E79A}
		{5AA534BA-0C3F-47E5-B22E-3DF5A9239209} = {C86B517D-DF08-4AFA-8B26-4531AF28E79A}
		{CB62E018-9DB3-4BBD-9BF8-67A8167BD2DD} = {C86B517D-DF08-4AFA-8B26-4531AF28E79A}
		{77E3B6B5-5828-4E0A-9C62-B21C53370C30} = {C86B517D-DF08-4AFA-8B26-4531AF28E79A}
		{37663430-07B5-45C2-BB7A-70B80EB798CF} = {C86B517D-DF08-4AFA-8B26-4531AF28E79A}
		{337F3545-6442-42E8-9F1E-5E8349DAA470} = {C86B517D-DF08-4AFA-8B26-4531AF28E79A}
		{4FDA630F-CC2B-416D-B763-B704F866438C} = {C86B517D-DF08-4AFA-8B26-4531AF28E79A}
	EndGlobalSection
	GlobalSection(ExtensibilityGlobals) = postSolution
		SolutionGuid = {6A1BB1A7-BED8-439B-9435-6BC94168186F}
	EndGlobalSection
EndGlobal
